
Microsoft Visual Studio Solution File, Format Version 12.00
# Visual Studio 15
VisualStudioVersion = 15.0.28307.572
MinimumVisualStudioVersion = 10.0.40219.1
Project("{9A19103F-16F7-4668-BE54-9A1E7A4F7556}") = "WebScraper", "WebScraper\WebScraper.csproj", "{A29EE52B-435C-4BDE-96DC-AFD7B4C399D9}"
EndProject
Project("{FAE04EC0-301F-11D3-BF4B-00C04F79EFBC}") = "WebScraper.UnitTests", "WebScraper.UnitTest\WebScraper.UnitTests.csproj", "{4EDF935C-3B84-4A56-AF05-A2BAB61A0F12}"
EndProject
Global
	GlobalSection(SolutionConfigurationPlatforms) = preSolution
		Debug|Any CPU = Debug|Any CPU
		Release|Any CPU = Release|Any CPU
	EndGlobalSection
	GlobalSection(ProjectConfigurationPlatforms) = postSolution
		{A29EE52B-435C-4BDE-96DC-AFD7B4C399D9}.Debug|Any CPU.ActiveCfg = Debug|Any CPU
		{A29EE52B-435C-4BDE-96DC-AFD7B4C399D9}.Debug|Any CPU.Build.0 = Debug|Any CPU
		{A29EE52B-435C-4BDE-96DC-AFD7B4C399D9}.Release|Any CPU.ActiveCfg = Release|Any CPU
		{A29EE52B-435C-4BDE-96DC-AFD7B4C399D9}.Release|Any CPU.Build.0 = Release|Any CPU
		{4EDF935C-3B84-4A56-AF05-A2BAB61A0F12}.Debug|Any CPU.ActiveCfg = Debug|Any CPU
		{4EDF935C-3B84-4A56-AF05-A2BAB61A0F12}.Debug|Any CPU.Build.0 = Debug|Any CPU
		{4EDF935C-3B84-4A56-AF05-A2BAB61A0F12}.Release|Any CPU.ActiveCfg = Release|Any CPU
		{4EDF935C-3B84-4A56-AF05-A2BAB61A0F12}.Release|Any CPU.Build.0 = Release|Any CPU
	EndGlobalSection
	GlobalSection(SolutionProperties) = preSolution
		HideSolutionNode = FALSE
	EndGlobalSection
	GlobalSection(ExtensibilityGlobals) = postSolution
		SolutionGuid = {A0E9F4D4-49C2-4B93-9D36-A7FCF2B65B52}
	EndGlobalSection
EndGlobal
